// !$*UTF8*$!
{
	archiveVersion = 1;
	classes = {
	};
	objectVersion = 51;
	objects = {

/* Begin PBXBuildFile section */
		146F2864EA7062E2CE8A206B /* Pods_subeye.framework in Frameworks */ = {isa = PBXBuildFile; fileRef = 88E4E250C1D18E0F8058B6AE /* Pods_subeye.framework */; };
		DF1278D426EF4BB700109AD7 /* MainViewController.swift in Sources */ = {isa = PBXBuildFile; fileRef = DF1278D326EF4BB700109AD7 /* MainViewController.swift */; };
		DF1A5E20271480D400C130BF /* DataType.swift in Sources */ = {isa = PBXBuildFile; fileRef = DF1A5E1F271480D400C130BF /* DataType.swift */; };
		DF28DC3427059E6D008FAA0D /* SideMenuViewController.swift in Sources */ = {isa = PBXBuildFile; fileRef = DF28DC3327059E6D008FAA0D /* SideMenuViewController.swift */; };
		DF28DC372705A2F4008FAA0D /* SideViewTableViewCell.swift in Sources */ = {isa = PBXBuildFile; fileRef = DF28DC362705A2F4008FAA0D /* SideViewTableViewCell.swift */; };
		DF49965D2713252900AE57F6 /* NoticeListViewController.swift in Sources */ = {isa = PBXBuildFile; fileRef = DF49965C2713252900AE57F6 /* NoticeListViewController.swift */; };
		DF49965F271325DA00AE57F6 /* noticeTableViewCell.swift in Sources */ = {isa = PBXBuildFile; fileRef = DF49965E271325DA00AE57F6 /* noticeTableViewCell.swift */; };
		DF4996622713DE8400AE57F6 /* noticelist.swift in Sources */ = {isa = PBXBuildFile; fileRef = DF4996612713DE8400AE57F6 /* noticelist.swift */; };
		DF5717AA271802E80044FAE6 /* imgurl.swift in Sources */ = {isa = PBXBuildFile; fileRef = DF5717A9271802E80044FAE6 /* imgurl.swift */; };
		DF6A172C2709EE99000B71F0 /* noticeViewController.swift in Sources */ = {isa = PBXBuildFile; fileRef = DF6A172B2709EE99000B71F0 /* noticeViewController.swift */; };
		DF6A172E270A9BC6000B71F0 /* statisticsViewController.swift in Sources */ = {isa = PBXBuildFile; fileRef = DF6A172D270A9BC6000B71F0 /* statisticsViewController.swift */; };
		DF6A1730270A9D37000B71F0 /* alertViewController.swift in Sources */ = {isa = PBXBuildFile; fileRef = DF6A172F270A9D37000B71F0 /* alertViewController.swift */; };
		DF820D6C26E9BB0100BD04CC /* LoginViewController.swift in Sources */ = {isa = PBXBuildFile; fileRef = DF820D6B26E9BB0100BD04CC /* LoginViewController.swift */; };
		DF8A4E5127017738001A1EBA /* 34593-train-animation.json in Resources */ = {isa = PBXBuildFile; fileRef = DF8A4E5027017738001A1EBA /* 34593-train-animation.json */; };
		DF8A4E542701A097001A1EBA /* ImgTableViewCell.swift in Sources */ = {isa = PBXBuildFile; fileRef = DF8A4E532701A097001A1EBA /* ImgTableViewCell.swift */; };
		DF8A4E572701A10F001A1EBA /* DataSource.swift in Sources */ = {isa = PBXBuildFile; fileRef = DF8A4E562701A10F001A1EBA /* DataSource.swift */; };
		DF962801271EBFB40077FB79 /* CheckUserViewController.swift in Sources */ = {isa = PBXBuildFile; fileRef = DF962800271EBFB40077FB79 /* CheckUserViewController.swift */; };
		DF962803271EFCEB0077FB79 /* PassWordCheck.swift in Sources */ = {isa = PBXBuildFile; fileRef = DF962802271EFCEB0077FB79 /* PassWordCheck.swift */; };
		DF962805271F49AD0077FB79 /* updatepassViewController.swift in Sources */ = {isa = PBXBuildFile; fileRef = DF962804271F49AD0077FB79 /* updatepassViewController.swift */; };
		DF962808271F5EEF0077FB79 /* MailViewController.swift in Sources */ = {isa = PBXBuildFile; fileRef = DF962807271F5EEF0077FB79 /* MailViewController.swift */; };
		DFB30EF126E84A9300686AFB /* AppDelegate.swift in Sources */ = {isa = PBXBuildFile; fileRef = DFB30EF026E84A9300686AFB /* AppDelegate.swift */; };
		DFB30EF326E84A9300686AFB /* SceneDelegate.swift in Sources */ = {isa = PBXBuildFile; fileRef = DFB30EF226E84A9300686AFB /* SceneDelegate.swift */; };
		DFB30EFA26E84A9300686AFB /* Assets.xcassets in Resources */ = {isa = PBXBuildFile; fileRef = DFB30EF926E84A9300686AFB /* Assets.xcassets */; };
		DFB30EFD26E84A9300686AFB /* LaunchScreen.storyboard in Resources */ = {isa = PBXBuildFile; fileRef = DFB30EFB26E84A9300686AFB /* LaunchScreen.storyboard */; };
		DFC72BA526F426A000A2CCAE /* SignupViewController.swift in Sources */ = {isa = PBXBuildFile; fileRef = DFC72BA426F426A000A2CCAE /* SignupViewController.swift */; };
		DFC72BA826F84F1E00A2CCAE /* SignupTableViewCell.swift in Sources */ = {isa = PBXBuildFile; fileRef = DFC72BA726F84F1E00A2CCAE /* SignupTableViewCell.swift */; };
		DFCC19AA271B583A0061FE92 /* LoginData.swift in Sources */ = {isa = PBXBuildFile; fileRef = DFCC19A9271B583A0061FE92 /* LoginData.swift */; };
		DFCC19AC271C26230061FE92 /* Idcheck.swift in Sources */ = {isa = PBXBuildFile; fileRef = DFCC19AB271C26230061FE92 /* Idcheck.swift */; };
		DFCC19AE271DAAB90061FE92 /* UserViewController.swift in Sources */ = {isa = PBXBuildFile; fileRef = DFCC19AD271DAAB90061FE92 /* UserViewController.swift */; };
/* End PBXBuildFile section */

/* Begin PBXFileReference section */
		88E4E250C1D18E0F8058B6AE /* Pods_subeye.framework */ = {isa = PBXFileReference; explicitFileType = wrapper.framework; includeInIndex = 0; path = Pods_subeye.framework; sourceTree = BUILT_PRODUCTS_DIR; };
		A6224E8445676322DC31FAA7 /* Pods-subeye.release.xcconfig */ = {isa = PBXFileReference; includeInIndex = 1; lastKnownFileType = text.xcconfig; name = "Pods-subeye.release.xcconfig"; path = "Target Support Files/Pods-subeye/Pods-subeye.release.xcconfig"; sourceTree = "<group>"; };
		A649CBA6DCD5045C5C23AAF6 /* Pods-subeye.debug.xcconfig */ = {isa = PBXFileReference; includeInIndex = 1; lastKnownFileType = text.xcconfig; name = "Pods-subeye.debug.xcconfig"; path = "Target Support Files/Pods-subeye/Pods-subeye.debug.xcconfig"; sourceTree = "<group>"; };
		DF1278D326EF4BB700109AD7 /* MainViewController.swift */ = {isa = PBXFileReference; lastKnownFileType = sourcecode.swift; path = MainViewController.swift; sourceTree = "<group>"; };
		DF1A5E1F271480D400C130BF /* DataType.swift */ = {isa = PBXFileReference; lastKnownFileType = sourcecode.swift; path = DataType.swift; sourceTree = "<group>"; };
		DF28DC3327059E6D008FAA0D /* SideMenuViewController.swift */ = {isa = PBXFileReference; lastKnownFileType = sourcecode.swift; path = SideMenuViewController.swift; sourceTree = "<group>"; };
		DF28DC362705A2F4008FAA0D /* SideViewTableViewCell.swift */ = {isa = PBXFileReference; lastKnownFileType = sourcecode.swift; path = SideViewTableViewCell.swift; sourceTree = "<group>"; };
		DF49965B2713224D00AE57F6 /* MyPlayground.playground */ = {isa = PBXFileReference; lastKnownFileType = file.playground; path = MyPlayground.playground; sourceTree = "<group>"; xcLanguageSpecificationIdentifier = xcode.lang.swift; };
		DF49965C2713252900AE57F6 /* NoticeListViewController.swift */ = {isa = PBXFileReference; lastKnownFileType = sourcecode.swift; path = NoticeListViewController.swift; sourceTree = "<group>"; };
		DF49965E271325DA00AE57F6 /* noticeTableViewCell.swift */ = {isa = PBXFileReference; lastKnownFileType = sourcecode.swift; path = noticeTableViewCell.swift; sourceTree = "<group>"; };
		DF4996612713DE8400AE57F6 /* noticelist.swift */ = {isa = PBXFileReference; lastKnownFileType = sourcecode.swift; path = noticelist.swift; sourceTree = "<group>"; };
		DF5717A9271802E80044FAE6 /* imgurl.swift */ = {isa = PBXFileReference; lastKnownFileType = sourcecode.swift; path = imgurl.swift; sourceTree = "<group>"; };
		DF6A172B2709EE99000B71F0 /* noticeViewController.swift */ = {isa = PBXFileReference; lastKnownFileType = sourcecode.swift; path = noticeViewController.swift; sourceTree = "<group>"; };
		DF6A172D270A9BC6000B71F0 /* statisticsViewController.swift */ = {isa = PBXFileReference; lastKnownFileType = sourcecode.swift; path = statisticsViewController.swift; sourceTree = "<group>"; };
		DF6A172F270A9D37000B71F0 /* alertViewController.swift */ = {isa = PBXFileReference; lastKnownFileType = sourcecode.swift; path = alertViewController.swift; sourceTree = "<group>"; };
		DF820D6B26E9BB0100BD04CC /* LoginViewController.swift */ = {isa = PBXFileReference; lastKnownFileType = sourcecode.swift; path = LoginViewController.swift; sourceTree = "<group>"; };
		DF8A4E5027017738001A1EBA /* 34593-train-animation.json */ = {isa = PBXFileReference; fileEncoding = 4; lastKnownFileType = text.json; path = "34593-train-animation.json"; sourceTree = "<group>"; };
		DF8A4E532701A097001A1EBA /* ImgTableViewCell.swift */ = {isa = PBXFileReference; lastKnownFileType = sourcecode.swift; path = ImgTableViewCell.swift; sourceTree = "<group>"; };
		DF8A4E562701A10F001A1EBA /* DataSource.swift */ = {isa = PBXFileReference; lastKnownFileType = sourcecode.swift; path = DataSource.swift; sourceTree = "<group>"; };
		DF962800271EBFB40077FB79 /* CheckUserViewController.swift */ = {isa = PBXFileReference; lastKnownFileType = sourcecode.swift; path = CheckUserViewController.swift; sourceTree = "<group>"; };
		DF962802271EFCEB0077FB79 /* PassWordCheck.swift */ = {isa = PBXFileReference; lastKnownFileType = sourcecode.swift; path = PassWordCheck.swift; sourceTree = "<group>"; };
		DF962804271F49AD0077FB79 /* updatepassViewController.swift */ = {isa = PBXFileReference; lastKnownFileType = sourcecode.swift; path = updatepassViewController.swift; sourceTree = "<group>"; };
		DF962807271F5EEF0077FB79 /* MailViewController.swift */ = {isa = PBXFileReference; lastKnownFileType = sourcecode.swift; path = MailViewController.swift; sourceTree = "<group>"; };
		DFB30EED26E84A9300686AFB /* subeye.app */ = {isa = PBXFileReference; explicitFileType = wrapper.application; includeInIndex = 0; path = subeye.app; sourceTree = BUILT_PRODUCTS_DIR; };
		DFB30EF026E84A9300686AFB /* AppDelegate.swift */ = {isa = PBXFileReference; lastKnownFileType = sourcecode.swift; path = AppDelegate.swift; sourceTree = "<group>"; };
		DFB30EF226E84A9300686AFB /* SceneDelegate.swift */ = {isa = PBXFileReference; lastKnownFileType = sourcecode.swift; path = SceneDelegate.swift; sourceTree = "<group>"; };
		DFB30EF926E84A9300686AFB /* Assets.xcassets */ = {isa = PBXFileReference; lastKnownFileType = folder.assetcatalog; path = Assets.xcassets; sourceTree = "<group>"; };
		DFB30EFC26E84A9300686AFB /* Base */ = {isa = PBXFileReference; lastKnownFileType = file.storyboard; name = Base; path = Base.lproj/LaunchScreen.storyboard; sourceTree = "<group>"; };
		DFB30EFE26E84A9300686AFB /* Info.plist */ = {isa = PBXFileReference; lastKnownFileType = text.plist.xml; path = Info.plist; sourceTree = "<group>"; };
		DFC72BA426F426A000A2CCAE /* SignupViewController.swift */ = {isa = PBXFileReference; lastKnownFileType = sourcecode.swift; path = SignupViewController.swift; sourceTree = "<group>"; };
		DFC72BA726F84F1E00A2CCAE /* SignupTableViewCell.swift */ = {isa = PBXFileReference; lastKnownFileType = sourcecode.swift; path = SignupTableViewCell.swift; sourceTree = "<group>"; };
		DFCC19A9271B583A0061FE92 /* LoginData.swift */ = {isa = PBXFileReference; lastKnownFileType = sourcecode.swift; path = LoginData.swift; sourceTree = "<group>"; };
		DFCC19AB271C26230061FE92 /* Idcheck.swift */ = {isa = PBXFileReference; lastKnownFileType = sourcecode.swift; path = Idcheck.swift; sourceTree = "<group>"; };
		DFCC19AD271DAAB90061FE92 /* UserViewController.swift */ = {isa = PBXFileReference; lastKnownFileType = sourcecode.swift; path = UserViewController.swift; sourceTree = "<group>"; };
/* End PBXFileReference section */

/* Begin PBXFrameworksBuildPhase section */
		DFB30EEA26E84A9300686AFB /* Frameworks */ = {
			isa = PBXFrameworksBuildPhase;
			buildActionMask = 2147483647;
			files = (
				146F2864EA7062E2CE8A206B /* Pods_subeye.framework in Frameworks */,
			);
			runOnlyForDeploymentPostprocessing = 0;
		};
/* End PBXFrameworksBuildPhase section */

/* Begin PBXGroup section */
		7FCC6A29A33ABCFCF8B08E76 /* Pods */ = {
			isa = PBXGroup;
			children = (
				A649CBA6DCD5045C5C23AAF6 /* Pods-subeye.debug.xcconfig */,
				A6224E8445676322DC31FAA7 /* Pods-subeye.release.xcconfig */,
			);
			path = Pods;
			sourceTree = "<group>";
		};
		AC980264DE81265929044F5C /* Frameworks */ = {
			isa = PBXGroup;
			children = (
				88E4E250C1D18E0F8058B6AE /* Pods_subeye.framework */,
			);
			name = Frameworks;
			sourceTree = "<group>";
		};
		DF28DC352705A2D9008FAA0D /* SideMenu */ = {
			isa = PBXGroup;
			children = (
				DF28DC3327059E6D008FAA0D /* SideMenuViewController.swift */,
				DF28DC362705A2F4008FAA0D /* SideViewTableViewCell.swift */,
			);
			path = SideMenu;
			sourceTree = "<group>";
		};
		DF6A17292709C41C000B71F0 /* notice */ = {
			isa = PBXGroup;
			children = (
				DF6A172B2709EE99000B71F0 /* noticeViewController.swift */,
				DF49965C2713252900AE57F6 /* NoticeListViewController.swift */,
				DF49965E271325DA00AE57F6 /* noticeTableViewCell.swift */,
			);
			path = notice;
			sourceTree = "<group>";
		};
		DF6A172A2709EDCD000B71F0 /* statistics */ = {
			isa = PBXGroup;
			children = (
				DF6A172D270A9BC6000B71F0 /* statisticsViewController.swift */,
			);
			path = statistics;
			sourceTree = "<group>";
		};
		DF8A4E5227019F5A001A1EBA /* Main */ = {
			isa = PBXGroup;
			children = (
				DF1278D326EF4BB700109AD7 /* MainViewController.swift */,
				DF8A4E532701A097001A1EBA /* ImgTableViewCell.swift */,
				DF6A172F270A9D37000B71F0 /* alertViewController.swift */,
			);
			path = Main;
			sourceTree = "<group>";
		};
		DF8A4E552701A0EB001A1EBA /* Data */ = {
			isa = PBXGroup;
			children = (
				DF8A4E562701A10F001A1EBA /* DataSource.swift */,
				DF49965B2713224D00AE57F6 /* MyPlayground.playground */,
				DF4996612713DE8400AE57F6 /* noticelist.swift */,
				DF1A5E1F271480D400C130BF /* DataType.swift */,
				DF5717A9271802E80044FAE6 /* imgurl.swift */,
				DFCC19A9271B583A0061FE92 /* LoginData.swift */,
				DFCC19AB271C26230061FE92 /* Idcheck.swift */,
			);
			path = Data;
			sourceTree = "<group>";
		};
		DF9627FF271EBE070077FB79 /* Userinfo */ = {
			isa = PBXGroup;
			children = (
				DFCC19AD271DAAB90061FE92 /* UserViewController.swift */,
				DF962800271EBFB40077FB79 /* CheckUserViewController.swift */,
				DF962802271EFCEB0077FB79 /* PassWordCheck.swift */,
				DF962804271F49AD0077FB79 /* updatepassViewController.swift */,
			);
			path = Userinfo;
			sourceTree = "<group>";
		};
		DF962806271F5EC60077FB79 /* sendmail */ = {
			isa = PBXGroup;
			children = (
				DF962807271F5EEF0077FB79 /* MailViewController.swift */,
			);
			path = sendmail;
			sourceTree = "<group>";
		};
		DFB30EE426E84A9300686AFB = {
			isa = PBXGroup;
			children = (
				DF8A4E5027017738001A1EBA /* 34593-train-animation.json */,
				DFB30EEF26E84A9300686AFB /* subeye */,
				DFB30EEE26E84A9300686AFB /* Products */,
				7FCC6A29A33ABCFCF8B08E76 /* Pods */,
				AC980264DE81265929044F5C /* Frameworks */,
			);
			sourceTree = "<group>";
		};
		DFB30EEE26E84A9300686AFB /* Products */ = {
			isa = PBXGroup;
			children = (
				DFB30EED26E84A9300686AFB /* subeye.app */,
			);
			name = Products;
			sourceTree = "<group>";
		};
		DFB30EEF26E84A9300686AFB /* subeye */ = {
			isa = PBXGroup;
			children = (
				DF962806271F5EC60077FB79 /* sendmail */,
				DF9627FF271EBE070077FB79 /* Userinfo */,
				DF6A172A2709EDCD000B71F0 /* statistics */,
				DF6A17292709C41C000B71F0 /* notice */,
				DF28DC352705A2D9008FAA0D /* SideMenu */,
				DF8A4E552701A0EB001A1EBA /* Data */,
				DF8A4E5227019F5A001A1EBA /* Main */,
				DFC72BA626F84DBA00A2CCAE /* Login */,
				DFB30EF026E84A9300686AFB /* AppDelegate.swift */,
				DFB30EF226E84A9300686AFB /* SceneDelegate.swift */,
				DFB30EF926E84A9300686AFB /* Assets.xcassets */,
				DFB30EFB26E84A9300686AFB /* LaunchScreen.storyboard */,
				DFB30EFE26E84A9300686AFB /* Info.plist */,
			);
			path = subeye;
			sourceTree = "<group>";
		};
		DFC72BA626F84DBA00A2CCAE /* Login */ = {
			isa = PBXGroup;
			children = (
				DF820D6B26E9BB0100BD04CC /* LoginViewController.swift */,
				DFC72BA426F426A000A2CCAE /* SignupViewController.swift */,
				DFC72BA726F84F1E00A2CCAE /* SignupTableViewCell.swift */,
			);
			path = Login;
			sourceTree = "<group>";
		};
/* End PBXGroup section */

/* Begin PBXNativeTarget section */
		DFB30EEC26E84A9300686AFB /* subeye */ = {
			isa = PBXNativeTarget;
			buildConfigurationList = DFB30F0126E84A9300686AFB /* Build configuration list for PBXNativeTarget "subeye" */;
			buildPhases = (
				B9FE6FBA4095C2E08B0B182D /* [CP] Check Pods Manifest.lock */,
				DFB30EE926E84A9300686AFB /* Sources */,
				DFB30EEA26E84A9300686AFB /* Frameworks */,
				DFB30EEB26E84A9300686AFB /* Resources */,
				60BD09BC08EA32EF439F20FC /* [CP] Embed Pods Frameworks */,
			);
			buildRules = (
			);
			dependencies = (
			);
			name = subeye;
			productName = subeye;
			productReference = DFB30EED26E84A9300686AFB /* subeye.app */;
			productType = "com.apple.product-type.application";
		};
/* End PBXNativeTarget section */

/* Begin PBXProject section */
		DFB30EE526E84A9300686AFB /* Project object */ = {
			isa = PBXProject;
			attributes = {
				LastSwiftUpdateCheck = 1250;
				LastUpgradeCheck = 1250;
				TargetAttributes = {
					DFB30EEC26E84A9300686AFB = {
						CreatedOnToolsVersion = 12.5.1;
					};
				};
			};
			buildConfigurationList = DFB30EE826E84A9300686AFB /* Build configuration list for PBXProject "subeye" */;
			compatibilityVersion = "Xcode 9.3";
			developmentRegion = en;
			hasScannedForEncodings = 0;
			knownRegions = (
				en,
				Base,
			);
			mainGroup = DFB30EE426E84A9300686AFB;
			productRefGroup = DFB30EEE26E84A9300686AFB /* Products */;
			projectDirPath = "";
			projectRoot = "";
			targets = (
				DFB30EEC26E84A9300686AFB /* subeye */,
			);
		};
/* End PBXProject section */

/* Begin PBXResourcesBuildPhase section */
		DFB30EEB26E84A9300686AFB /* Resources */ = {
			isa = PBXResourcesBuildPhase;
			buildActionMask = 2147483647;
			files = (
				DFB30EFD26E84A9300686AFB /* LaunchScreen.storyboard in Resources */,
				DF8A4E5127017738001A1EBA /* 34593-train-animation.json in Resources */,
				DFB30EFA26E84A9300686AFB /* Assets.xcassets in Resources */,
			);
			runOnlyForDeploymentPostprocessing = 0;
		};
/* End PBXResourcesBuildPhase section */

/* Begin PBXShellScriptBuildPhase section */
		60BD09BC08EA32EF439F20FC /* [CP] Embed Pods Frameworks */ = {
			isa = PBXShellScriptBuildPhase;
			buildActionMask = 2147483647;
			files = (
			);
			inputFileListPaths = (
				"${PODS_ROOT}/Target Support Files/Pods-subeye/Pods-subeye-frameworks-${CONFIGURATION}-input-files.xcfilelist",
			);
			name = "[CP] Embed Pods Frameworks";
			outputFileListPaths = (
				"${PODS_ROOT}/Target Support Files/Pods-subeye/Pods-subeye-frameworks-${CONFIGURATION}-output-files.xcfilelist",
			);
			runOnlyForDeploymentPostprocessing = 0;
			shellPath = /bin/sh;
			shellScript = "\"${PODS_ROOT}/Target Support Files/Pods-subeye/Pods-subeye-frameworks.sh\"\n";
			showEnvVarsInLog = 0;
		};
		B9FE6FBA4095C2E08B0B182D /* [CP] Check Pods Manifest.lock */ = {
			isa = PBXShellScriptBuildPhase;
			buildActionMask = 2147483647;
			files = (
			);
			inputFileListPaths = (
			);
			inputPaths = (
				"${PODS_PODFILE_DIR_PATH}/Podfile.lock",
				"${PODS_ROOT}/Manifest.lock",
			);
			name = "[CP] Check Pods Manifest.lock";
			outputFileListPaths = (
			);
			outputPaths = (
				"$(DERIVED_FILE_DIR)/Pods-subeye-checkManifestLockResult.txt",
			);
			runOnlyForDeploymentPostprocessing = 0;
			shellPath = /bin/sh;
			shellScript = "diff \"${PODS_PODFILE_DIR_PATH}/Podfile.lock\" \"${PODS_ROOT}/Manifest.lock\" > /dev/null\nif [ $? != 0 ] ; then\n    # print error to STDERR\n    echo \"error: The sandbox is not in sync with the Podfile.lock. Run 'pod install' or update your CocoaPods installation.\" >&2\n    exit 1\nfi\n# This output is used by Xcode 'outputs' to avoid re-running this script phase.\necho \"SUCCESS\" > \"${SCRIPT_OUTPUT_FILE_0}\"\n";
			showEnvVarsInLog = 0;
		};
/* End PBXShellScriptBuildPhase section */

/* Begin PBXSourcesBuildPhase section */
		DFB30EE926E84A9300686AFB /* Sources */ = {
			isa = PBXSourcesBuildPhase;
			buildActionMask = 2147483647;
			files = (
				DF962803271EFCEB0077FB79 /* PassWordCheck.swift in Sources */,
				DF820D6C26E9BB0100BD04CC /* LoginViewController.swift in Sources */,
				DF962805271F49AD0077FB79 /* updatepassViewController.swift in Sources */,
				DF28DC372705A2F4008FAA0D /* SideViewTableViewCell.swift in Sources */,
				DFC72BA826F84F1E00A2CCAE /* SignupTableViewCell.swift in Sources */,
				DFB30EF126E84A9300686AFB /* AppDelegate.swift in Sources */,
				DF49965F271325DA00AE57F6 /* noticeTableViewCell.swift in Sources */,
				DF49965D2713252900AE57F6 /* NoticeListViewController.swift in Sources */,
				DFC72BA526F426A000A2CCAE /* SignupViewController.swift in Sources */,
				DFCC19AE271DAAB90061FE92 /* UserViewController.swift in Sources */,
				DFB30EF326E84A9300686AFB /* SceneDelegate.swift in Sources */,
				DF1A5E20271480D400C130BF /* DataType.swift in Sources */,
				DF6A1730270A9D37000B71F0 /* alertViewController.swift in Sources */,
				DF4996622713DE8400AE57F6 /* noticelist.swift in Sources */,
				DF962808271F5EEF0077FB79 /* MailViewController.swift in Sources */,
				DFCC19AC271C26230061FE92 /* Idcheck.swift in Sources */,
				DF6A172C2709EE99000B71F0 /* noticeViewController.swift in Sources */,
				DF962801271EBFB40077FB79 /* CheckUserViewController.swift in Sources */,
				DF1278D426EF4BB700109AD7 /* MainViewController.swift in Sources */,
				DF8A4E572701A10F001A1EBA /* DataSource.swift in Sources */,
				DF28DC3427059E6D008FAA0D /* SideMenuViewController.swift in Sources */,
				DFCC19AA271B583A0061FE92 /* LoginData.swift in Sources */,
				DF5717AA271802E80044FAE6 /* imgurl.swift in Sources */,
				DF8A4E542701A097001A1EBA /* ImgTableViewCell.swift in Sources */,
				DF6A172E270A9BC6000B71F0 /* statisticsViewController.swift in Sources */,
			);
			runOnlyForDeploymentPostprocessing = 0;
		};
/* End PBXSourcesBuildPhase section */

/* Begin PBXVariantGroup section */
		DFB30EFB26E84A9300686AFB /* LaunchScreen.storyboard */ = {
			isa = PBXVariantGroup;
			children = (
				DFB30EFC26E84A9300686AFB /* Base */,
			);
			name = LaunchScreen.storyboard;
			sourceTree = "<group>";
		};
/* End PBXVariantGroup section */

/* Begin XCBuildConfiguration section */
		DFB30EFF26E84A9300686AFB /* Debug */ = {
			isa = XCBuildConfiguration;
			buildSettings = {
				ALWAYS_SEARCH_USER_PATHS = NO;
				CLANG_ANALYZER_NONNULL = YES;
				CLANG_ANALYZER_NUMBER_OBJECT_CONVERSION = YES_AGGRESSIVE;
				CLANG_CXX_LANGUAGE_STANDARD = "gnu++14";
				CLANG_CXX_LIBRARY = "libc++";
				CLANG_ENABLE_MODULES = YES;
				CLANG_ENABLE_OBJC_ARC = YES;
				CLANG_ENABLE_OBJC_WEAK = YES;
				CLANG_WARN_BLOCK_CAPTURE_AUTORELEASING = YES;
				CLANG_WARN_BOOL_CONVERSION = YES;
				CLANG_WARN_COMMA = YES;
				CLANG_WARN_CONSTANT_CONVERSION = YES;
				CLANG_WARN_DEPRECATED_OBJC_IMPLEMENTATIONS = YES;
				CLANG_WARN_DIRECT_OBJC_ISA_USAGE = YES_ERROR;
				CLANG_WARN_DOCUMENTATION_COMMENTS = YES;
				CLANG_WARN_EMPTY_BODY = YES;
				CLANG_WARN_ENUM_CONVERSION = YES;
				CLANG_WARN_INFINITE_RECURSION = YES;
				CLANG_WARN_INT_CONVERSION = YES;
				CLANG_WARN_NON_LITERAL_NULL_CONVERSION = YES;
				CLANG_WARN_OBJC_IMPLICIT_RETAIN_SELF = YES;
				CLANG_WARN_OBJC_LITERAL_CONVERSION = YES;
				CLANG_WARN_OBJC_ROOT_CLASS = YES_ERROR;
				CLANG_WARN_QUOTED_INCLUDE_IN_FRAMEWORK_HEADER = YES;
				CLANG_WARN_RANGE_LOOP_ANALYSIS = YES;
				CLANG_WARN_STRICT_PROTOTYPES = YES;
				CLANG_WARN_SUSPICIOUS_MOVE = YES;
				CLANG_WARN_UNGUARDED_AVAILABILITY = YES_AGGRESSIVE;
				CLANG_WARN_UNREACHABLE_CODE = YES;
				CLANG_WARN__DUPLICATE_METHOD_MATCH = YES;
				COPY_PHASE_STRIP = NO;
				DEBUG_INFORMATION_FORMAT = dwarf;
				ENABLE_STRICT_OBJC_MSGSEND = YES;
				ENABLE_TESTABILITY = YES;
				GCC_C_LANGUAGE_STANDARD = gnu11;
				GCC_DYNAMIC_NO_PIC = NO;
				GCC_NO_COMMON_BLOCKS = YES;
				GCC_OPTIMIZATION_LEVEL = 0;
				GCC_PREPROCESSOR_DEFINITIONS = (
					"DEBUG=1",
					"$(inherited)",
				);
				GCC_WARN_64_TO_32_BIT_CONVERSION = YES;
				GCC_WARN_ABOUT_RETURN_TYPE = YES_ERROR;
				GCC_WARN_UNDECLARED_SELECTOR = YES;
				GCC_WARN_UNINITIALIZED_AUTOS = YES_AGGRESSIVE;
				GCC_WARN_UNUSED_FUNCTION = YES;
				GCC_WARN_UNUSED_VARIABLE = YES;
				IPHONEOS_DEPLOYMENT_TARGET = 14.5;
				MTL_ENABLE_DEBUG_INFO = INCLUDE_SOURCE;
				MTL_FAST_MATH = YES;
				ONLY_ACTIVE_ARCH = YES;
				SDKROOT = iphoneos;
				SWIFT_ACTIVE_COMPILATION_CONDITIONS = DEBUG;
				SWIFT_OPTIMIZATION_LEVEL = "-Onone";
			};
			name = Debug;
		};
		DFB30F0026E84A9300686AFB /* Release */ = {
			isa = XCBuildConfiguration;
			buildSettings = {
				ALWAYS_SEARCH_USER_PATHS = NO;
				CLANG_ANALYZER_NONNULL = YES;
				CLANG_ANALYZER_NUMBER_OBJECT_CONVERSION = YES_AGGRESSIVE;
				CLANG_CXX_LANGUAGE_STANDARD = "gnu++14";
				CLANG_CXX_LIBRARY = "libc++";
				CLANG_ENABLE_MODULES = YES;
				CLANG_ENABLE_OBJC_ARC = YES;
				CLANG_ENABLE_OBJC_WEAK = YES;
				CLANG_WARN_BLOCK_CAPTURE_AUTORELEASING = YES;
				CLANG_WARN_BOOL_CONVERSION = YES;
				CLANG_WARN_COMMA = YES;
				CLANG_WARN_CONSTANT_CONVERSION = YES;
				CLANG_WARN_DEPRECATED_OBJC_IMPLEMENTATIONS = YES;
				CLANG_WARN_DIRECT_OBJC_ISA_USAGE = YES_ERROR;
				CLANG_WARN_DOCUMENTATION_COMMENTS = YES;
				CLANG_WARN_EMPTY_BODY = YES;
				CLANG_WARN_ENUM_CONVERSION = YES;
				CLANG_WARN_INFINITE_RECURSION = YES;
				CLANG_WARN_INT_CONVERSION = YES;
				CLANG_WARN_NON_LITERAL_NULL_CONVERSION = YES;
				CLANG_WARN_OBJC_IMPLICIT_RETAIN_SELF = YES;
				CLANG_WARN_OBJC_LITERAL_CONVERSION = YES;
				CLANG_WARN_OBJC_ROOT_CLASS = YES_ERROR;
				CLANG_WARN_QUOTED_INCLUDE_IN_FRAMEWORK_HEADER = YES;
				CLANG_WARN_RANGE_LOOP_ANALYSIS = YES;
				CLANG_WARN_STRICT_PROTOTYPES = YES;
				CLANG_WARN_SUSPICIOUS_MOVE = YES;
				CLANG_WARN_UNGUARDED_AVAILABILITY = YES_AGGRESSIVE;
				CLANG_WARN_UNREACHABLE_CODE = YES;
				CLANG_WARN__DUPLICATE_METHOD_MATCH = YES;
				COPY_PHASE_STRIP = NO;
				DEBUG_INFORMATION_FORMAT = "dwarf-with-dsym";
				ENABLE_NS_ASSERTIONS = NO;
				ENABLE_STRICT_OBJC_MSGSEND = YES;
				GCC_C_LANGUAGE_STANDARD = gnu11;
				GCC_NO_COMMON_BLOCKS = YES;
				GCC_WARN_64_TO_32_BIT_CONVERSION = YES;
				GCC_WARN_ABOUT_RETURN_TYPE = YES_ERROR;
				GCC_WARN_UNDECLARED_SELECTOR = YES;
				GCC_WARN_UNINITIALIZED_AUTOS = YES_AGGRESSIVE;
				GCC_WARN_UNUSED_FUNCTION = YES;
				GCC_WARN_UNUSED_VARIABLE = YES;
				IPHONEOS_DEPLOYMENT_TARGET = 14.5;
				MTL_ENABLE_DEBUG_INFO = NO;
				MTL_FAST_MATH = YES;
				SDKROOT = iphoneos;
				SWIFT_COMPILATION_MODE = wholemodule;
				SWIFT_OPTIMIZATION_LEVEL = "-O";
				VALIDATE_PRODUCT = YES;
			};
			name = Release;
		};
		DFB30F0226E84A9300686AFB /* Debug */ = {
			isa = XCBuildConfiguration;
			baseConfigurationReference = A649CBA6DCD5045C5C23AAF6 /* Pods-subeye.debug.xcconfig */;
			buildSettings = {
				ASSETCATALOG_COMPILER_APPICON_NAME = AppIcon;
				ASSETCATALOG_COMPILER_GLOBAL_ACCENT_COLOR_NAME = AccentColor;
				CODE_SIGN_STYLE = Automatic;
				DEVELOPMENT_TEAM = DY79DCY29R;
				INFOPLIST_FILE = subeye/Info.plist;
				LD_RUNPATH_SEARCH_PATHS = (
					"$(inherited)",
					"@executable_path/Frameworks",
				);
				PRODUCT_BUNDLE_IDENTIFIER = Twogudak.subeye;
				PRODUCT_NAME = "$(TARGET_NAME)";
				SWIFT_VERSION = 5.0;
				TARGETED_DEVICE_FAMILY = "1,2";
			};
			name = Debug;
		};
		DFB30F0326E84A9300686AFB /* Release */ = {
			isa = XCBuildConfiguration;
			baseConfigurationReference = A6224E8445676322DC31FAA7 /* Pods-subeye.release.xcconfig */;
			buildSettings = {
				ASSETCATALOG_COMPILER_APPICON_NAME = AppIcon;
				ASSETCATALOG_COMPILER_GLOBAL_ACCENT_COLOR_NAME = AccentColor;
				CODE_SIGN_STYLE = Automatic;
				DEVELOPMENT_TEAM = DY79DCY29R;
				INFOPLIST_FILE = subeye/Info.plist;
				LD_RUNPATH_SEARCH_PATHS = (
					"$(inherited)",
					"@executable_path/Frameworks",
				);
				PRODUCT_BUNDLE_IDENTIFIER = Twogudak.subeye;
				PRODUCT_NAME = "$(TARGET_NAME)";
				SWIFT_VERSION = 5.0;
				TARGETED_DEVICE_FAMILY = "1,2";
			};
			name = Release;
		};
/* End XCBuildConfiguration section */

/* Begin XCConfigurationList section */
		DFB30EE826E84A9300686AFB /* Build configuration list for PBXProject "subeye" */ = {
			isa = XCConfigurationList;
			buildConfigurations = (
				DFB30EFF26E84A9300686AFB /* Debug */,
				DFB30F0026E84A9300686AFB /* Release */,
			);
			defaultConfigurationIsVisible = 0;
			defaultConfigurationName = Release;
		};
		DFB30F0126E84A9300686AFB /* Build configuration list for PBXNativeTarget "subeye" */ = {
			isa = XCConfigurationList;
			buildConfigurations = (
				DFB30F0226E84A9300686AFB /* Debug */,
				DFB30F0326E84A9300686AFB /* Release */,
			);
			defaultConfigurationIsVisible = 0;
			defaultConfigurationName = Release;
		};
/* End XCConfigurationList section */
	};
	rootObject = DFB30EE526E84A9300686AFB /* Project object */;
}
